
Microsoft Visual Studio Solution File, Format Version 12.00
# Visual Studio Version 17
VisualStudioVersion = 17.9.34723.18
MinimumVisualStudioVersion = 10.0.40219.1
Project("{FAE04EC0-301F-11D3-BF4B-00C04F79EFBC}") = "SmokeFreeSaver", "SmokeFreeSaver\SmokeFreeSaver.csproj", "{8EC63A97-E677-4D24-9AD8-9C3AF64F556D}"
EndProject
Project("{FAE04EC0-301F-11D3-BF4B-00C04F79EFBC}") = "SmokeFreeSaver.DataAccess", "SmokeFreeSaver.DataAccess\SmokeFreeSaver.DataAccess.csproj", "{D0E6BF9C-36E4-4637-ADA5-D19D867B8CBB}"
EndProject
Global
	GlobalSection(SolutionConfigurationPlatforms) = preSolution
		Debug|Any CPU = Debug|Any CPU
		Release|Any CPU = Release|Any CPU
	EndGlobalSection
	GlobalSection(ProjectConfigurationPlatforms) = postSolution
		{8EC63A97-E677-4D24-9AD8-9C3AF64F556D}.Debug|Any CPU.ActiveCfg = Debug|Any CPU
		{8EC63A97-E677-4D24-9AD8-9C3AF64F556D}.Debug|Any CPU.Build.0 = Debug|Any CPU
		{8EC63A97-E677-4D24-9AD8-9C3AF64F556D}.Release|Any CPU.ActiveCfg = Release|Any CPU
		{8EC63A97-E677-4D24-9AD8-9C3AF64F556D}.Release|Any CPU.Build.0 = Release|Any CPU
		{D0E6BF9C-36E4-4637-ADA5-D19D867B8CBB}.Debug|Any CPU.ActiveCfg = Debug|Any CPU
		{D0E6BF9C-36E4-4637-ADA5-D19D867B8CBB}.Debug|Any CPU.Build.0 = Debug|Any CPU
		{D0E6BF9C-36E4-4637-ADA5-D19D867B8CBB}.Release|Any CPU.ActiveCfg = Release|Any CPU
		{D0E6BF9C-36E4-4637-ADA5-D19D867B8CBB}.Release|Any CPU.Build.0 = Release|Any CPU
	EndGlobalSection
	GlobalSection(SolutionProperties) = preSolution
		HideSolutionNode = FALSE
	EndGlobalSection
	GlobalSection(ExtensibilityGlobals) = postSolution
		SolutionGuid = {9CD64F8E-FA53-412B-B312-A3870E7668AD}
	EndGlobalSection
EndGlobal
